
Microsoft Visual Studio Solution File, Format Version 12.00
# Visual Studio Version 16
VisualStudioVersion = 16.0.32428.217
MinimumVisualStudioVersion = 10.0.40219.1
Project("{FAE04EC0-301F-11D3-BF4B-00C04F79EFBC}") = "Employee", "Employee\Employee.csproj", "{F1774455-13AB-409E-94DA-D0F3ACB97D68}"
EndProject
Global
	GlobalSection(SolutionConfigurationPlatforms) = preSolution
		Debug|Any CPU = Debug|Any CPU
		Release|Any CPU = Release|Any CPU
	EndGlobalSection
	GlobalSection(ProjectConfigurationPlatforms) = postSolution
		{F1774455-13AB-409E-94DA-D0F3ACB97D68}.Debug|Any CPU.ActiveCfg = Debug|Any CPU
		{F1774455-13AB-409E-94DA-D0F3ACB97D68}.Debug|Any CPU.Build.0 = Debug|Any CPU
		{F1774455-13AB-409E-94DA-D0F3ACB97D68}.Release|Any CPU.ActiveCfg = Release|Any CPU
		{F1774455-13AB-409E-94DA-D0F3ACB97D68}.Release|Any CPU.Build.0 = Release|Any CPU
	EndGlobalSection
	GlobalSection(SolutionProperties) = preSolution
		HideSolutionNode = FALSE
	EndGlobalSection
	GlobalSection(ExtensibilityGlobals) = postSolution
		SolutionGuid = {718220CA-F090-4182-A333-1C901FB6945D}
	EndGlobalSection
EndGlobal
